// !$*UTF8*$!
{
	archiveVersion = 1;
	classes = {
	};
	objectVersion = 55;
	objects = {

/* Begin PBXBuildFile section */
		57507844295D4C8000686374 /* AppDelegate.swift in Sources */ = {isa = PBXBuildFile; fileRef = 57507843295D4C8000686374 /* AppDelegate.swift */; };
		57507846295D4C8000686374 /* SceneDelegate.swift in Sources */ = {isa = PBXBuildFile; fileRef = 57507845295D4C8000686374 /* SceneDelegate.swift */; };
		5750784B295D4C8000686374 /* Main.storyboard in Resources */ = {isa = PBXBuildFile; fileRef = 57507849295D4C8000686374 /* Main.storyboard */; };
		5750784D295D4C8000686374 /* Assets.xcassets in Resources */ = {isa = PBXBuildFile; fileRef = 5750784C295D4C8000686374 /* Assets.xcassets */; };
		57507850295D4C8000686374 /* LaunchScreen.storyboard in Resources */ = {isa = PBXBuildFile; fileRef = 5750784E295D4C8000686374 /* LaunchScreen.storyboard */; };
		57507859295D889C00686374 /* OrderTableViewController.swift in Sources */ = {isa = PBXBuildFile; fileRef = 57507858295D889C00686374 /* OrderTableViewController.swift */; };
		5750785B295D88B700686374 /* AddNewOrderViewController.swift in Sources */ = {isa = PBXBuildFile; fileRef = 5750785A295D88B700686374 /* AddNewOrderViewController.swift */; };
		5750785F295D8BA800686374 /* Order.swift in Sources */ = {isa = PBXBuildFile; fileRef = 5750785E295D8BA800686374 /* Order.swift */; };
		57507862295D8D1700686374 /* WebService.swift in Sources */ = {isa = PBXBuildFile; fileRef = 57507861295D8D1700686374 /* WebService.swift */; };
		57507864295D8FC400686374 /* OrderListViewModel.swift in Sources */ = {isa = PBXBuildFile; fileRef = 57507863295D8FC400686374 /* OrderListViewModel.swift */; };
		57507866295D904A00686374 /* AddNewOrderViewModel.swift in Sources */ = {isa = PBXBuildFile; fileRef = 57507865295D904A00686374 /* AddNewOrderViewModel.swift */; };
/* End PBXBuildFile section */

/* Begin PBXFileReference section */
		57507840295D4C8000686374 /* CoffeeApp.app */ = {isa = PBXFileReference; explicitFileType = wrapper.application; includeInIndex = 0; path = CoffeeApp.app; sourceTree = BUILT_PRODUCTS_DIR; };
		57507843295D4C8000686374 /* AppDelegate.swift */ = {isa = PBXFileReference; lastKnownFileType = sourcecode.swift; path = AppDelegate.swift; sourceTree = "<group>"; };
		57507845295D4C8000686374 /* SceneDelegate.swift */ = {isa = PBXFileReference; lastKnownFileType = sourcecode.swift; path = SceneDelegate.swift; sourceTree = "<group>"; };
		5750784A295D4C8000686374 /* Base */ = {isa = PBXFileReference; lastKnownFileType = file.storyboard; name = Base; path = Base.lproj/Main.storyboard; sourceTree = "<group>"; };
		5750784C295D4C8000686374 /* Assets.xcassets */ = {isa = PBXFileReference; lastKnownFileType = folder.assetcatalog; path = Assets.xcassets; sourceTree = "<group>"; };
		5750784F295D4C8000686374 /* Base */ = {isa = PBXFileReference; lastKnownFileType = file.storyboard; name = Base; path = Base.lproj/LaunchScreen.storyboard; sourceTree = "<group>"; };
		57507851295D4C8000686374 /* Info.plist */ = {isa = PBXFileReference; lastKnownFileType = text.plist.xml; path = Info.plist; sourceTree = "<group>"; };
		57507858295D889C00686374 /* OrderTableViewController.swift */ = {isa = PBXFileReference; lastKnownFileType = sourcecode.swift; path = OrderTableViewController.swift; sourceTree = "<group>"; };
		5750785A295D88B700686374 /* AddNewOrderViewController.swift */ = {isa = PBXFileReference; lastKnownFileType = sourcecode.swift; path = AddNewOrderViewController.swift; sourceTree = "<group>"; };
		5750785E295D8BA800686374 /* Order.swift */ = {isa = PBXFileReference; lastKnownFileType = sourcecode.swift; path = Order.swift; sourceTree = "<group>"; };
		57507861295D8D1700686374 /* WebService.swift */ = {isa = PBXFileReference; lastKnownFileType = sourcecode.swift; path = WebService.swift; sourceTree = "<group>"; };
		57507863295D8FC400686374 /* OrderListViewModel.swift */ = {isa = PBXFileReference; lastKnownFileType = sourcecode.swift; path = OrderListViewModel.swift; sourceTree = "<group>"; };
		57507865295D904A00686374 /* AddNewOrderViewModel.swift */ = {isa = PBXFileReference; lastKnownFileType = sourcecode.swift; path = AddNewOrderViewModel.swift; sourceTree = "<group>"; };
/* End PBXFileReference section */

/* Begin PBXFrameworksBuildPhase section */
		5750783D295D4C8000686374 /* Frameworks */ = {
			isa = PBXFrameworksBuildPhase;
			buildActionMask = 2147483647;
			files = (
			);
			runOnlyForDeploymentPostprocessing = 0;
		};
/* End PBXFrameworksBuildPhase section */

/* Begin PBXGroup section */
		57507837295D4C7F00686374 = {
			isa = PBXGroup;
			children = (
				57507842295D4C8000686374 /* CoffeeApp */,
				57507841295D4C8000686374 /* Products */,
			);
			sourceTree = "<group>";
		};
		57507841295D4C8000686374 /* Products */ = {
			isa = PBXGroup;
			children = (
				57507840295D4C8000686374 /* CoffeeApp.app */,
			);
			name = Products;
			sourceTree = "<group>";
		};
		57507842295D4C8000686374 /* CoffeeApp */ = {
			isa = PBXGroup;
			children = (
				57507843295D4C8000686374 /* AppDelegate.swift */,
				57507845295D4C8000686374 /* SceneDelegate.swift */,
				57507860295D8D0100686374 /* Services */,
				5750785D295D8B5700686374 /* View Models */,
				5750785C295D8B5000686374 /* Models */,
				57507857295D887200686374 /* Controllers */,
				57507849295D4C8000686374 /* Main.storyboard */,
				5750784C295D4C8000686374 /* Assets.xcassets */,
				5750784E295D4C8000686374 /* LaunchScreen.storyboard */,
				57507851295D4C8000686374 /* Info.plist */,
			);
			path = CoffeeApp;
			sourceTree = "<group>";
		};
		57507857295D887200686374 /* Controllers */ = {
			isa = PBXGroup;
			children = (
				57507858295D889C00686374 /* OrderTableViewController.swift */,
				5750785A295D88B700686374 /* AddNewOrderViewController.swift */,
			);
			path = Controllers;
			sourceTree = "<group>";
		};
		5750785C295D8B5000686374 /* Models */ = {
			isa = PBXGroup;
			children = (
				5750785E295D8BA800686374 /* Order.swift */,
			);
			path = Models;
			sourceTree = "<group>";
		};
		5750785D295D8B5700686374 /* View Models */ = {
			isa = PBXGroup;
			children = (
				57507863295D8FC400686374 /* OrderListViewModel.swift */,
				57507865295D904A00686374 /* AddNewOrderViewModel.swift */,
			);
			path = "View Models";
			sourceTree = "<group>";
		};
		57507860295D8D0100686374 /* Services */ = {
			isa = PBXGroup;
			children = (
				57507861295D8D1700686374 /* WebService.swift */,
			);
			path = Services;
			sourceTree = "<group>";
		};
/* End PBXGroup section */

/* Begin PBXNativeTarget section */
		5750783F295D4C8000686374 /* CoffeeApp */ = {
			isa = PBXNativeTarget;
			buildConfigurationList = 57507854295D4C8000686374 /* Build configuration list for PBXNativeTarget "CoffeeApp" */;
			buildPhases = (
				5750783C295D4C8000686374 /* Sources */,
				5750783D295D4C8000686374 /* Frameworks */,
				5750783E295D4C8000686374 /* Resources */,
			);
			buildRules = (
			);
			dependencies = (
			);
			name = CoffeeApp;
			productName = CoffeeApp;
			productReference = 57507840295D4C8000686374 /* CoffeeApp.app */;
			productType = "com.apple.product-type.application";
		};
/* End PBXNativeTarget section */

/* Begin PBXProject section */
		57507838295D4C7F00686374 /* Project object */ = {
			isa = PBXProject;
			attributes = {
				BuildIndependentTargetsInParallel = 1;
				LastSwiftUpdateCheck = 1340;
				LastUpgradeCheck = 1340;
				TargetAttributes = {
					5750783F295D4C8000686374 = {
						CreatedOnToolsVersion = 13.4.1;
					};
				};
			};
			buildConfigurationList = 5750783B295D4C7F00686374 /* Build configuration list for PBXProject "CoffeeApp" */;
			compatibilityVersion = "Xcode 13.0";
			developmentRegion = en;
			hasScannedForEncodings = 0;
			knownRegions = (
				en,
				Base,
			);
			mainGroup = 57507837295D4C7F00686374;
			productRefGroup = 57507841295D4C8000686374 /* Products */;
			projectDirPath = "";
			projectRoot = "";
			targets = (
				5750783F295D4C8000686374 /* CoffeeApp */,
			);
		};
/* End PBXProject section */

/* Begin PBXResourcesBuildPhase section */
		5750783E295D4C8000686374 /* Resources */ = {
			isa = PBXResourcesBuildPhase;
			buildActionMask = 2147483647;
			files = (
				57507850295D4C8000686374 /* LaunchScreen.storyboard in Resources */,
				5750784D295D4C8000686374 /* Assets.xcassets in Resources */,
				5750784B295D4C8000686374 /* Main.storyboard in Resources */,
			);
			runOnlyForDeploymentPostprocessing = 0;
		};
/* End PBXResourcesBuildPhase section */

/* Begin PBXSourcesBuildPhase section */
		5750783C295D4C8000686374 /* Sources */ = {
			isa = PBXSourcesBuildPhase;
			buildActionMask = 2147483647;
			files = (
				57507866295D904A00686374 /* AddNewOrderViewModel.swift in Sources */,
				57507862295D8D1700686374 /* WebService.swift in Sources */,
				5750785B295D88B700686374 /* AddNewOrderViewController.swift in Sources */,
				57507844295D4C8000686374 /* AppDelegate.swift in Sources */,
				5750785F295D8BA800686374 /* Order.swift in Sources */,
				57507864295D8FC400686374 /* OrderListViewModel.swift in Sources */,
				57507859295D889C00686374 /* OrderTableViewController.swift in Sources */,
				57507846295D4C8000686374 /* SceneDelegate.swift in Sources */,
			);
			runOnlyForDeploymentPostprocessing = 0;
		};
/* End PBXSourcesBuildPhase section */

/* Begin PBXVariantGroup section */
		57507849295D4C8000686374 /* Main.storyboard */ = {
			isa = PBXVariantGroup;
			children = (
				5750784A295D4C8000686374 /* Base */,
			);
			name = Main.storyboard;
			sourceTree = "<group>";
		};
		5750784E295D4C8000686374 /* LaunchScreen.storyboard */ = {
			isa = PBXVariantGroup;
			children = (
				5750784F295D4C8000686374 /* Base */,
			);
			name = LaunchScreen.storyboard;
			sourceTree = "<group>";
		};
/* End PBXVariantGroup section */

/* Begin XCBuildConfiguration section */
		57507852295D4C8000686374 /* Debug */ = {
			isa = XCBuildConfiguration;
			buildSettings = {
				ALWAYS_SEARCH_USER_PATHS = NO;
				CLANG_ANALYZER_NONNULL = YES;
				CLANG_ANALYZER_NUMBER_OBJECT_CONVERSION = YES_AGGRESSIVE;
				CLANG_CXX_LANGUAGE_STANDARD = "gnu++17";
				CLANG_ENABLE_MODULES = YES;
				CLANG_ENABLE_OBJC_ARC = YES;
				CLANG_ENABLE_OBJC_WEAK = YES;
				CLANG_WARN_BLOCK_CAPTURE_AUTORELEASING = YES;
				CLANG_WARN_BOOL_CONVERSION = YES;
				CLANG_WARN_COMMA = YES;
				CLANG_WARN_CONSTANT_CONVERSION = YES;
				CLANG_WARN_DEPRECATED_OBJC_IMPLEMENTATIONS = YES;
				CLANG_WARN_DIRECT_OBJC_ISA_USAGE = YES_ERROR;
				CLANG_WARN_DOCUMENTATION_COMMENTS = YES;
				CLANG_WARN_EMPTY_BODY = YES;
				CLANG_WARN_ENUM_CONVERSION = YES;
				CLANG_WARN_INFINITE_RECURSION = YES;
				CLANG_WARN_INT_CONVERSION = YES;
				CLANG_WARN_NON_LITERAL_NULL_CONVERSION = YES;
				CLANG_WARN_OBJC_IMPLICIT_RETAIN_SELF = YES;
				CLANG_WARN_OBJC_LITERAL_CONVERSION = YES;
				CLANG_WARN_OBJC_ROOT_CLASS = YES_ERROR;
				CLANG_WARN_QUOTED_INCLUDE_IN_FRAMEWORK_HEADER = YES;
				CLANG_WARN_RANGE_LOOP_ANALYSIS = YES;
				CLANG_WARN_STRICT_PROTOTYPES = YES;
				CLANG_WARN_SUSPICIOUS_MOVE = YES;
				CLANG_WARN_UNGUARDED_AVAILABILITY = YES_AGGRESSIVE;
				CLANG_WARN_UNREACHABLE_CODE = YES;
				CLANG_WARN__DUPLICATE_METHOD_MATCH = YES;
				COPY_PHASE_STRIP = NO;
				DEBUG_INFORMATION_FORMAT = dwarf;
				ENABLE_STRICT_OBJC_MSGSEND = YES;
				ENABLE_TESTABILITY = YES;
				GCC_C_LANGUAGE_STANDARD = gnu11;
				GCC_DYNAMIC_NO_PIC = NO;
				GCC_NO_COMMON_BLOCKS = YES;
				GCC_OPTIMIZATION_LEVEL = 0;
				GCC_PREPROCESSOR_DEFINITIONS = (
					"DEBUG=1",
					"$(inherited)",
				);
				GCC_WARN_64_TO_32_BIT_CONVERSION = YES;
				GCC_WARN_ABOUT_RETURN_TYPE = YES_ERROR;
				GCC_WARN_UNDECLARED_SELECTOR = YES;
				GCC_WARN_UNINITIALIZED_AUTOS = YES_AGGRESSIVE;
				GCC_WARN_UNUSED_FUNCTION = YES;
				GCC_WARN_UNUSED_VARIABLE = YES;
				IPHONEOS_DEPLOYMENT_TARGET = 15.5;
				MTL_ENABLE_DEBUG_INFO = INCLUDE_SOURCE;
				MTL_FAST_MATH = YES;
				ONLY_ACTIVE_ARCH = YES;
				SDKROOT = iphoneos;
				SWIFT_ACTIVE_COMPILATION_CONDITIONS = DEBUG;
				SWIFT_OPTIMIZATION_LEVEL = "-Onone";
			};
			name = Debug;
		};
		57507853295D4C8000686374 /* Release */ = {
			isa = XCBuildConfiguration;
			buildSettings = {
				ALWAYS_SEARCH_USER_PATHS = NO;
				CLANG_ANALYZER_NONNULL = YES;
				CLANG_ANALYZER_NUMBER_OBJECT_CONVERSION = YES_AGGRESSIVE;
				CLANG_CXX_LANGUAGE_STANDARD = "gnu++17";
				CLANG_ENABLE_MODULES = YES;
				CLANG_ENABLE_OBJC_ARC = YES;
				CLANG_ENABLE_OBJC_WEAK = YES;
				CLANG_WARN_BLOCK_CAPTURE_AUTORELEASING = YES;
				CLANG_WARN_BOOL_CONVERSION = YES;
				CLANG_WARN_COMMA = YES;
				CLANG_WARN_CONSTANT_CONVERSION = YES;
				CLANG_WARN_DEPRECATED_OBJC_IMPLEMENTATIONS = YES;
				CLANG_WARN_DIRECT_OBJC_ISA_USAGE = YES_ERROR;
				CLANG_WARN_DOCUMENTATION_COMMENTS = YES;
				CLANG_WARN_EMPTY_BODY = YES;
				CLANG_WARN_ENUM_CONVERSION = YES;
				CLANG_WARN_INFINITE_RECURSION = YES;
				CLANG_WARN_INT_CONVERSION = YES;
				CLANG_WARN_NON_LITERAL_NULL_CONVERSION = YES;
				CLANG_WARN_OBJC_IMPLICIT_RETAIN_SELF = YES;
				CLANG_WARN_OBJC_LITERAL_CONVERSION = YES;
				CLANG_WARN_OBJC_ROOT_CLASS = YES_ERROR;
				CLANG_WARN_QUOTED_INCLUDE_IN_FRAMEWORK_HEADER = YES;
				CLANG_WARN_RANGE_LOOP_ANALYSIS = YES;
				CLANG_WARN_STRICT_PROTOTYPES = YES;
				CLANG_WARN_SUSPICIOUS_MOVE = YES;
				CLANG_WARN_UNGUARDED_AVAILABILITY = YES_AGGRESSIVE;
				CLANG_WARN_UNREACHABLE_CODE = YES;
				CLANG_WARN__DUPLICATE_METHOD_MATCH = YES;
				COPY_PHASE_STRIP = NO;
				DEBUG_INFORMATION_FORMAT = "dwarf-with-dsym";
				ENABLE_NS_ASSERTIONS = NO;
				ENABLE_STRICT_OBJC_MSGSEND = YES;
				GCC_C_LANGUAGE_STANDARD = gnu11;
				GCC_NO_COMMON_BLOCKS = YES;
				GCC_WARN_64_TO_32_BIT_CONVERSION = YES;
				GCC_WARN_ABOUT_RETURN_TYPE = YES_ERROR;
				GCC_WARN_UNDECLARED_SELECTOR = YES;
				GCC_WARN_UNINITIALIZED_AUTOS = YES_AGGRESSIVE;
				GCC_WARN_UNUSED_FUNCTION = YES;
				GCC_WARN_UNUSED_VARIABLE = YES;
				IPHONEOS_DEPLOYMENT_TARGET = 15.5;
				MTL_ENABLE_DEBUG_INFO = NO;
				MTL_FAST_MATH = YES;
				SDKROOT = iphoneos;
				SWIFT_COMPILATION_MODE = wholemodule;
				SWIFT_OPTIMIZATION_LEVEL = "-O";
				VALIDATE_PRODUCT = YES;
			};
			name = Release;
		};
		57507855295D4C8000686374 /* Debug */ = {
			isa = XCBuildConfiguration;
			buildSettings = {
				ASSETCATALOG_COMPILER_APPICON_NAME = AppIcon;
				ASSETCATALOG_COMPILER_GLOBAL_ACCENT_COLOR_NAME = AccentColor;
				CODE_SIGN_STYLE = Automatic;
				CURRENT_PROJECT_VERSION = 1;
				DEVELOPMENT_TEAM = S7WPNU5HBB;
				GENERATE_INFOPLIST_FILE = YES;
				INFOPLIST_FILE = CoffeeApp/Info.plist;
				INFOPLIST_KEY_UIApplicationSupportsIndirectInputEvents = YES;
				INFOPLIST_KEY_UILaunchStoryboardName = LaunchScreen;
				INFOPLIST_KEY_UIMainStoryboardFile = Main;
				INFOPLIST_KEY_UISupportedInterfaceOrientations_iPad = "UIInterfaceOrientationPortrait UIInterfaceOrientationPortraitUpsideDown UIInterfaceOrientationLandscapeLeft UIInterfaceOrientationLandscapeRight";
				INFOPLIST_KEY_UISupportedInterfaceOrientations_iPhone = "UIInterfaceOrientationPortrait UIInterfaceOrientationLandscapeLeft UIInterfaceOrientationLandscapeRight";
				LD_RUNPATH_SEARCH_PATHS = (
					"$(inherited)",
					"@executable_path/Frameworks",
				);
				MARKETING_VERSION = 1.0;
				PRODUCT_BUNDLE_IDENTIFIER = com.ducanh.CoffeeApp;
				PRODUCT_NAME = "$(TARGET_NAME)";
				SWIFT_EMIT_LOC_STRINGS = YES;
				SWIFT_VERSION = 5.0;
				TARGETED_DEVICE_FAMILY = "1,2";
			};
			name = Debug;
		};
		57507856295D4C8000686374 /* Release */ = {
			isa = XCBuildConfiguration;
			buildSettings = {
				ASSETCATALOG_COMPILER_APPICON_NAME = AppIcon;
				ASSETCATALOG_COMPILER_GLOBAL_ACCENT_COLOR_NAME = AccentColor;
				CODE_SIGN_STYLE = Automatic;
				CURRENT_PROJECT_VERSION = 1;
				DEVELOPMENT_TEAM = S7WPNU5HBB;
				GENERATE_INFOPLIST_FILE = YES;
				INFOPLIST_FILE = CoffeeApp/Info.plist;
				INFOPLIST_KEY_UIApplicationSupportsIndirectInputEvents = YES;
				INFOPLIST_KEY_UILaunchStoryboardName = LaunchScreen;
				INFOPLIST_KEY_UIMainStoryboardFile = Main;
				INFOPLIST_KEY_UISupportedInterfaceOrientations_iPad = "UIInterfaceOrientationPortrait UIInterfaceOrientationPortraitUpsideDown UIInterfaceOrientationLandscapeLeft UIInterfaceOrientationLandscapeRight";
				INFOPLIST_KEY_UISupportedInterfaceOrientations_iPhone = "UIInterfaceOrientationPortrait UIInterfaceOrientationLandscapeLeft UIInterfaceOrientationLandscapeRight";
				LD_RUNPATH_SEARCH_PATHS = (
					"$(inherited)",
					"@executable_path/Frameworks",
				);
				MARKETING_VERSION = 1.0;
				PRODUCT_BUNDLE_IDENTIFIER = com.ducanh.CoffeeApp;
				PRODUCT_NAME = "$(TARGET_NAME)";
				SWIFT_EMIT_LOC_STRINGS = YES;
				SWIFT_VERSION = 5.0;
				TARGETED_DEVICE_FAMILY = "1,2";
			};
			name = Release;
		};
/* End XCBuildConfiguration section */

/* Begin XCConfigurationList section */
		5750783B295D4C7F00686374 /* Build configuration list for PBXProject "CoffeeApp" */ = {
			isa = XCConfigurationList;
			buildConfigurations = (
				57507852295D4C8000686374 /* Debug */,
				57507853295D4C8000686374 /* Release */,
			);
			defaultConfigurationIsVisible = 0;
			defaultConfigurationName = Release;
		};
		57507854295D4C8000686374 /* Build configuration list for PBXNativeTarget "CoffeeApp" */ = {
			isa = XCConfigurationList;
			buildConfigurations = (
				57507855295D4C8000686374 /* Debug */,
				57507856295D4C8000686374 /* Release */,
			);
			defaultConfigurationIsVisible = 0;
			defaultConfigurationName = Release;
		};
/* End XCConfigurationList section */
	};
	rootObject = 57507838295D4C7F00686374 /* Project object */;
}
